
Microsoft Visual Studio Solution File, Format Version 12.00
# Visual Studio Version 16
VisualStudioVersion = 16.0.29613.14
MinimumVisualStudioVersion = 10.0.40219.1
Project("{FAE04EC0-301F-11D3-BF4B-00C04F79EFBC}") = "Uplift", "Uplift\Uplift.csproj", "{99F5EDCF-3F43-4F2A-B107-C2579364F629}"
EndProject
Project("{FAE04EC0-301F-11D3-BF4B-00C04F79EFBC}") = "Uplift.DataAccess", "Uplift.DataAccess\Uplift.DataAccess.csproj", "{B8876373-AE25-4540-9351-90432B788B9D}"
EndProject
Project("{FAE04EC0-301F-11D3-BF4B-00C04F79EFBC}") = "Uplift.Models", "Uplift.Models\Uplift.Models.csproj", "{98507436-D4EB-47BF-96D0-CD4F708ACEC4}"
EndProject
Project("{FAE04EC0-301F-11D3-BF4B-00C04F79EFBC}") = "Uplift.Utility", "Uplift.Utility\Uplift.Utility.csproj", "{0D369D6A-6330-4DB4-93EB-D6B2325771D0}"
EndProject
Global
	GlobalSection(SolutionConfigurationPlatforms) = preSolution
		Debug|Any CPU = Debug|Any CPU
		Release|Any CPU = Release|Any CPU
	EndGlobalSection
	GlobalSection(ProjectConfigurationPlatforms) = postSolution
		{99F5EDCF-3F43-4F2A-B107-C2579364F629}.Debug|Any CPU.ActiveCfg = Debug|Any CPU
		{99F5EDCF-3F43-4F2A-B107-C2579364F629}.Debug|Any CPU.Build.0 = Debug|Any CPU
		{99F5EDCF-3F43-4F2A-B107-C2579364F629}.Release|Any CPU.ActiveCfg = Release|Any CPU
		{99F5EDCF-3F43-4F2A-B107-C2579364F629}.Release|Any CPU.Build.0 = Release|Any CPU
		{B8876373-AE25-4540-9351-90432B788B9D}.Debug|Any CPU.ActiveCfg = Debug|Any CPU
		{B8876373-AE25-4540-9351-90432B788B9D}.Debug|Any CPU.Build.0 = Debug|Any CPU
		{B8876373-AE25-4540-9351-90432B788B9D}.Release|Any CPU.ActiveCfg = Release|Any CPU
		{B8876373-AE25-4540-9351-90432B788B9D}.Release|Any CPU.Build.0 = Release|Any CPU
		{98507436-D4EB-47BF-96D0-CD4F708ACEC4}.Debug|Any CPU.ActiveCfg = Debug|Any CPU
		{98507436-D4EB-47BF-96D0-CD4F708ACEC4}.Debug|Any CPU.Build.0 = Debug|Any CPU
		{98507436-D4EB-47BF-96D0-CD4F708ACEC4}.Release|Any CPU.ActiveCfg = Release|Any CPU
		{98507436-D4EB-47BF-96D0-CD4F708ACEC4}.Release|Any CPU.Build.0 = Release|Any CPU
		{0D369D6A-6330-4DB4-93EB-D6B2325771D0}.Debug|Any CPU.ActiveCfg = Debug|Any CPU
		{0D369D6A-6330-4DB4-93EB-D6B2325771D0}.Debug|Any CPU.Build.0 = Debug|Any CPU
		{0D369D6A-6330-4DB4-93EB-D6B2325771D0}.Release|Any CPU.ActiveCfg = Release|Any CPU
		{0D369D6A-6330-4DB4-93EB-D6B2325771D0}.Release|Any CPU.Build.0 = Release|Any CPU
	EndGlobalSection
	GlobalSection(SolutionProperties) = preSolution
		HideSolutionNode = FALSE
	EndGlobalSection
	GlobalSection(ExtensibilityGlobals) = postSolution
		SolutionGuid = {E3330FF2-4B24-4A6B-B20D-313BBBCA5E03}
	EndGlobalSection
EndGlobal
